// !$*UTF8*$!
{
	archiveVersion = 1;
	classes = {
	};
	objectVersion = 55;
	objects = {

/* Begin PBXBuildFile section */
		BE240E5B2988268C0001F4B7 /* AppDelegate.swift in Sources */ = {isa = PBXBuildFile; fileRef = BE240E5A2988268C0001F4B7 /* AppDelegate.swift */; };
		BE240E5F2988268C0001F4B7 /* WelcomeViewController.swift in Sources */ = {isa = PBXBuildFile; fileRef = BE240E5E2988268C0001F4B7 /* WelcomeViewController.swift */; };
		BE240E642988268D0001F4B7 /* Assets.xcassets in Resources */ = {isa = PBXBuildFile; fileRef = BE240E632988268D0001F4B7 /* Assets.xcassets */; };
		BE240E672988268D0001F4B7 /* LaunchScreen.storyboard in Resources */ = {isa = PBXBuildFile; fileRef = BE240E652988268D0001F4B7 /* LaunchScreen.storyboard */; };
		BE240E71298830540001F4B7 /* BaseColors.swift in Sources */ = {isa = PBXBuildFile; fileRef = BE240E70298830540001F4B7 /* BaseColors.swift */; };
		BE37864429A2B2D300472C51 /* LoginViewModel.swift in Sources */ = {isa = PBXBuildFile; fileRef = BE37864329A2B2D300472C51 /* LoginViewModel.swift */; };
		BE37864B29A2C4D300472C51 /* SignUpViewModel.swift in Sources */ = {isa = PBXBuildFile; fileRef = BE37864A29A2C4D300472C51 /* SignUpViewModel.swift */; };
		BE37864D29A683AB00472C51 /* HomeViewController.swift in Sources */ = {isa = PBXBuildFile; fileRef = BE37864C29A683AB00472C51 /* HomeViewController.swift */; };
		BE37865129A6841400472C51 /* HomeView.swift in Sources */ = {isa = PBXBuildFile; fileRef = BE37865029A6841400472C51 /* HomeView.swift */; };
		BE37865329A6881500472C51 /* FoldersViewController.swift in Sources */ = {isa = PBXBuildFile; fileRef = BE37865229A6881500472C51 /* FoldersViewController.swift */; };
		BE37865729A6888600472C51 /* DictionariesViewController.swift in Sources */ = {isa = PBXBuildFile; fileRef = BE37865629A6888600472C51 /* DictionariesViewController.swift */; };
		BE37865929A688AC00472C51 /* ProfileViewController.swift in Sources */ = {isa = PBXBuildFile; fileRef = BE37865829A688AC00472C51 /* ProfileViewController.swift */; };
		BE37865F29A6B55700472C51 /* RecentDictionaryCollectionViewCell.swift in Sources */ = {isa = PBXBuildFile; fileRef = BE37865E29A6B55700472C51 /* RecentDictionaryCollectionViewCell.swift */; };
		BE37866229A7E40900472C51 /* HomeViewModel.swift in Sources */ = {isa = PBXBuildFile; fileRef = BE37866129A7E40900472C51 /* HomeViewModel.swift */; };
		BE37866429A7E5DC00472C51 /* Dictionary.swift in Sources */ = {isa = PBXBuildFile; fileRef = BE37866329A7E5DC00472C51 /* Dictionary.swift */; };
		BE37866729A7E85300472C51 /* HomeViewModelType.swift in Sources */ = {isa = PBXBuildFile; fileRef = BE37866629A7E85300472C51 /* HomeViewModelType.swift */; };
		BE37866A29A7EF9700472C51 /* HomeViewCellViewModelType.swift in Sources */ = {isa = PBXBuildFile; fileRef = BE37866929A7EF9700472C51 /* HomeViewCellViewModelType.swift */; };
		BE37866C29A7F31700472C51 /* HomeCellViewModel.swift in Sources */ = {isa = PBXBuildFile; fileRef = BE37866B29A7F31700472C51 /* HomeCellViewModel.swift */; };
		BE37866E29ACA34600472C51 /* FoldersView.swift in Sources */ = {isa = PBXBuildFile; fileRef = BE37866D29ACA34600472C51 /* FoldersView.swift */; };
		BE37867029ACA5A400472C51 /* FoldersViewTableViewCell.swift in Sources */ = {isa = PBXBuildFile; fileRef = BE37866F29ACA5A400472C51 /* FoldersViewTableViewCell.swift */; };
		BE37867229ACB9F300472C51 /* AddTableViewCell.swift in Sources */ = {isa = PBXBuildFile; fileRef = BE37867129ACB9F300472C51 /* AddTableViewCell.swift */; };
		BE37867429AD247600472C51 /* DictionariesView.swift in Sources */ = {isa = PBXBuildFile; fileRef = BE37867329AD247600472C51 /* DictionariesView.swift */; };
		BE37867629AD367300472C51 /* DictionaryViewTableViewCell.swift in Sources */ = {isa = PBXBuildFile; fileRef = BE37867529AD367300472C51 /* DictionaryViewTableViewCell.swift */; };
		BE37867B29B12E0C00472C51 /* ProfileView.swift in Sources */ = {isa = PBXBuildFile; fileRef = BE37867A29B12E0B00472C51 /* ProfileView.swift */; };
		BE37867F29B7970B00472C51 /* Coordinator.swift in Sources */ = {isa = PBXBuildFile; fileRef = BE37867E29B7970B00472C51 /* Coordinator.swift */; };
		BE37868229B798A700472C51 /* AppCoordinator.swift in Sources */ = {isa = PBXBuildFile; fileRef = BE37868129B798A700472C51 /* AppCoordinator.swift */; };
		BE37868429B7A28800472C51 /* AuthCoordinator.swift in Sources */ = {isa = PBXBuildFile; fileRef = BE37868329B7A28800472C51 /* AuthCoordinator.swift */; };
		BE37868629B7AF6400472C51 /* HomeTabBarCoordinator.swift in Sources */ = {isa = PBXBuildFile; fileRef = BE37868529B7AF6400472C51 /* HomeTabBarCoordinator.swift */; };
		BE37868829B7B36000472C51 /* HomeCoordinator.swift in Sources */ = {isa = PBXBuildFile; fileRef = BE37868729B7B36000472C51 /* HomeCoordinator.swift */; };
		BE37868A29B7B62B00472C51 /* FoldersCoordinator.swift in Sources */ = {isa = PBXBuildFile; fileRef = BE37868929B7B62B00472C51 /* FoldersCoordinator.swift */; };
		BE37868C29B7B65100472C51 /* DictionariesCoordinator.swift in Sources */ = {isa = PBXBuildFile; fileRef = BE37868B29B7B65100472C51 /* DictionariesCoordinator.swift */; };
		BE37868E29B7B66600472C51 /* ProfileCoordinator.swift in Sources */ = {isa = PBXBuildFile; fileRef = BE37868D29B7B66600472C51 /* ProfileCoordinator.swift */; };
		BE37869029B7BE4100472C51 /* FoldersViewModel.swift in Sources */ = {isa = PBXBuildFile; fileRef = BE37868F29B7BE4100472C51 /* FoldersViewModel.swift */; };
		BE37869229B7BF2D00472C51 /* DictionariesViewModel.swift in Sources */ = {isa = PBXBuildFile; fileRef = BE37869129B7BF2C00472C51 /* DictionariesViewModel.swift */; };
		BE37869429B7BFDC00472C51 /* ProfileViewModel.swift in Sources */ = {isa = PBXBuildFile; fileRef = BE37869329B7BFDC00472C51 /* ProfileViewModel.swift */; };
		BE37869729BFAEDB00472C51 /* AuthManager.swift in Sources */ = {isa = PBXBuildFile; fileRef = BE37869629BFAEDB00472C51 /* AuthManager.swift */; };
		BE37869929C9055300472C51 /* LocalStorageManager.swift in Sources */ = {isa = PBXBuildFile; fileRef = BE37869829C9055300472C51 /* LocalStorageManager.swift */; };
		BE37869B29C906A600472C51 /* FolderModel.swift in Sources */ = {isa = PBXBuildFile; fileRef = BE37869A29C906A600472C51 /* FolderModel.swift */; };
		BE59FE51299BEE42006B1B36 /* LoginView.swift in Sources */ = {isa = PBXBuildFile; fileRef = BE59FE50299BEE42006B1B36 /* LoginView.swift */; };
		BE59FE5529A0D0F2006B1B36 /* SignUpViewController.swift in Sources */ = {isa = PBXBuildFile; fileRef = BE59FE5429A0D0F2006B1B36 /* SignUpViewController.swift */; };
		BE59FE5729A0D143006B1B36 /* SignUpView.swift in Sources */ = {isa = PBXBuildFile; fileRef = BE59FE5629A0D143006B1B36 /* SignUpView.swift */; };
		BE59FE5929A0E04D006B1B36 /* GoogleService-Info.plist in Resources */ = {isa = PBXBuildFile; fileRef = BE59FE5829A0E04D006B1B36 /* GoogleService-Info.plist */; };
		BEB6DDBD298C1B4600B8A1B5 /* Extension.swift in Sources */ = {isa = PBXBuildFile; fileRef = BEB6DDBC298C1B4600B8A1B5 /* Extension.swift */; };
		BEB6DDBF298D766700B8A1B5 /* LoginViewController.swift in Sources */ = {isa = PBXBuildFile; fileRef = BEB6DDBE298D766700B8A1B5 /* LoginViewController.swift */; };
		BEB6DDC4298D790100B8A1B5 /* WelcomeViewModel.swift in Sources */ = {isa = PBXBuildFile; fileRef = BEB6DDC3298D790100B8A1B5 /* WelcomeViewModel.swift */; };
		BEEDA50429CCCA7700750548 /* CloudStorageManager.swift in Sources */ = {isa = PBXBuildFile; fileRef = BEEDA50329CCCA7700750548 /* CloudStorageManager.swift */; };
		BEEDA50629CF20EE00750548 /* AddNewDictionaryViewController.swift in Sources */ = {isa = PBXBuildFile; fileRef = BEEDA50529CF20EE00750548 /* AddNewDictionaryViewController.swift */; };
		BEEDA50829CF221500750548 /* AddNewDictionaryView.swift in Sources */ = {isa = PBXBuildFile; fileRef = BEEDA50729CF221500750548 /* AddNewDictionaryView.swift */; };
		BEEDA51229CF487900750548 /* AddNewDictionaryViewTableViewCell.swift in Sources */ = {isa = PBXBuildFile; fileRef = BEEDA51129CF487900750548 /* AddNewDictionaryViewTableViewCell.swift */; };
		BEEDA51A29D6149500750548 /* WordPairs.swift in Sources */ = {isa = PBXBuildFile; fileRef = BEEDA51929D6149500750548 /* WordPairs.swift */; };
		BEEDA51C29D9F5E600750548 /* DictionaryTableViewCellViewModel.swift in Sources */ = {isa = PBXBuildFile; fileRef = BEEDA51B29D9F5E600750548 /* DictionaryTableViewCellViewModel.swift */; };
		C0D0424E1B1FE44D05D57191 /* Pods_WordsLab.framework in Frameworks */ = {isa = PBXBuildFile; fileRef = C14E00B2A87723A9EC39838A /* Pods_WordsLab.framework */; };
/* End PBXBuildFile section */

/* Begin PBXFileReference section */
		BE240E572988268C0001F4B7 /* WordsLab.app */ = {isa = PBXFileReference; explicitFileType = wrapper.application; includeInIndex = 0; path = WordsLab.app; sourceTree = BUILT_PRODUCTS_DIR; };
		BE240E5A2988268C0001F4B7 /* AppDelegate.swift */ = {isa = PBXFileReference; lastKnownFileType = sourcecode.swift; path = AppDelegate.swift; sourceTree = "<group>"; };
		BE240E5E2988268C0001F4B7 /* WelcomeViewController.swift */ = {isa = PBXFileReference; lastKnownFileType = sourcecode.swift; path = WelcomeViewController.swift; sourceTree = "<group>"; };
		BE240E632988268D0001F4B7 /* Assets.xcassets */ = {isa = PBXFileReference; lastKnownFileType = folder.assetcatalog; path = Assets.xcassets; sourceTree = "<group>"; };
		BE240E662988268D0001F4B7 /* Base */ = {isa = PBXFileReference; lastKnownFileType = file.storyboard; name = Base; path = Base.lproj/LaunchScreen.storyboard; sourceTree = "<group>"; };
		BE240E682988268D0001F4B7 /* Info.plist */ = {isa = PBXFileReference; lastKnownFileType = text.plist.xml; path = Info.plist; sourceTree = "<group>"; };
		BE240E70298830540001F4B7 /* BaseColors.swift */ = {isa = PBXFileReference; lastKnownFileType = sourcecode.swift; path = BaseColors.swift; sourceTree = "<group>"; };
		BE37864329A2B2D300472C51 /* LoginViewModel.swift */ = {isa = PBXFileReference; lastKnownFileType = sourcecode.swift; path = LoginViewModel.swift; sourceTree = "<group>"; };
		BE37864A29A2C4D300472C51 /* SignUpViewModel.swift */ = {isa = PBXFileReference; lastKnownFileType = sourcecode.swift; path = SignUpViewModel.swift; sourceTree = "<group>"; };
		BE37864C29A683AB00472C51 /* HomeViewController.swift */ = {isa = PBXFileReference; lastKnownFileType = sourcecode.swift; path = HomeViewController.swift; sourceTree = "<group>"; };
		BE37865029A6841400472C51 /* HomeView.swift */ = {isa = PBXFileReference; lastKnownFileType = sourcecode.swift; path = HomeView.swift; sourceTree = "<group>"; };
		BE37865229A6881500472C51 /* FoldersViewController.swift */ = {isa = PBXFileReference; lastKnownFileType = sourcecode.swift; path = FoldersViewController.swift; sourceTree = "<group>"; };
		BE37865629A6888600472C51 /* DictionariesViewController.swift */ = {isa = PBXFileReference; lastKnownFileType = sourcecode.swift; path = DictionariesViewController.swift; sourceTree = "<group>"; };
		BE37865829A688AC00472C51 /* ProfileViewController.swift */ = {isa = PBXFileReference; lastKnownFileType = sourcecode.swift; path = ProfileViewController.swift; sourceTree = "<group>"; };
		BE37865E29A6B55700472C51 /* RecentDictionaryCollectionViewCell.swift */ = {isa = PBXFileReference; lastKnownFileType = sourcecode.swift; path = RecentDictionaryCollectionViewCell.swift; sourceTree = "<group>"; };
		BE37866129A7E40900472C51 /* HomeViewModel.swift */ = {isa = PBXFileReference; lastKnownFileType = sourcecode.swift; path = HomeViewModel.swift; sourceTree = "<group>"; };
		BE37866329A7E5DC00472C51 /* Dictionary.swift */ = {isa = PBXFileReference; lastKnownFileType = sourcecode.swift; path = Dictionary.swift; sourceTree = "<group>"; };
		BE37866629A7E85300472C51 /* HomeViewModelType.swift */ = {isa = PBXFileReference; lastKnownFileType = sourcecode.swift; path = HomeViewModelType.swift; sourceTree = "<group>"; };
		BE37866929A7EF9700472C51 /* HomeViewCellViewModelType.swift */ = {isa = PBXFileReference; lastKnownFileType = sourcecode.swift; path = HomeViewCellViewModelType.swift; sourceTree = "<group>"; };
		BE37866B29A7F31700472C51 /* HomeCellViewModel.swift */ = {isa = PBXFileReference; lastKnownFileType = sourcecode.swift; path = HomeCellViewModel.swift; sourceTree = "<group>"; };
		BE37866D29ACA34600472C51 /* FoldersView.swift */ = {isa = PBXFileReference; lastKnownFileType = sourcecode.swift; path = FoldersView.swift; sourceTree = "<group>"; };
		BE37866F29ACA5A400472C51 /* FoldersViewTableViewCell.swift */ = {isa = PBXFileReference; lastKnownFileType = sourcecode.swift; path = FoldersViewTableViewCell.swift; sourceTree = "<group>"; };
		BE37867129ACB9F300472C51 /* AddTableViewCell.swift */ = {isa = PBXFileReference; lastKnownFileType = sourcecode.swift; path = AddTableViewCell.swift; sourceTree = "<group>"; };
		BE37867329AD247600472C51 /* DictionariesView.swift */ = {isa = PBXFileReference; lastKnownFileType = sourcecode.swift; path = DictionariesView.swift; sourceTree = "<group>"; };
		BE37867529AD367300472C51 /* DictionaryViewTableViewCell.swift */ = {isa = PBXFileReference; lastKnownFileType = sourcecode.swift; path = DictionaryViewTableViewCell.swift; sourceTree = "<group>"; };
		BE37867A29B12E0B00472C51 /* ProfileView.swift */ = {isa = PBXFileReference; lastKnownFileType = sourcecode.swift; path = ProfileView.swift; sourceTree = "<group>"; };
		BE37867E29B7970B00472C51 /* Coordinator.swift */ = {isa = PBXFileReference; lastKnownFileType = sourcecode.swift; path = Coordinator.swift; sourceTree = "<group>"; };
		BE37868129B798A700472C51 /* AppCoordinator.swift */ = {isa = PBXFileReference; lastKnownFileType = sourcecode.swift; path = AppCoordinator.swift; sourceTree = "<group>"; };
		BE37868329B7A28800472C51 /* AuthCoordinator.swift */ = {isa = PBXFileReference; lastKnownFileType = sourcecode.swift; path = AuthCoordinator.swift; sourceTree = "<group>"; };
		BE37868529B7AF6400472C51 /* HomeTabBarCoordinator.swift */ = {isa = PBXFileReference; lastKnownFileType = sourcecode.swift; path = HomeTabBarCoordinator.swift; sourceTree = "<group>"; };
		BE37868729B7B36000472C51 /* HomeCoordinator.swift */ = {isa = PBXFileReference; lastKnownFileType = sourcecode.swift; path = HomeCoordinator.swift; sourceTree = "<group>"; };
		BE37868929B7B62B00472C51 /* FoldersCoordinator.swift */ = {isa = PBXFileReference; lastKnownFileType = sourcecode.swift; path = FoldersCoordinator.swift; sourceTree = "<group>"; };
		BE37868B29B7B65100472C51 /* DictionariesCoordinator.swift */ = {isa = PBXFileReference; lastKnownFileType = sourcecode.swift; path = DictionariesCoordinator.swift; sourceTree = "<group>"; };
		BE37868D29B7B66600472C51 /* ProfileCoordinator.swift */ = {isa = PBXFileReference; lastKnownFileType = sourcecode.swift; path = ProfileCoordinator.swift; sourceTree = "<group>"; };
		BE37868F29B7BE4100472C51 /* FoldersViewModel.swift */ = {isa = PBXFileReference; lastKnownFileType = sourcecode.swift; path = FoldersViewModel.swift; sourceTree = "<group>"; };
		BE37869129B7BF2C00472C51 /* DictionariesViewModel.swift */ = {isa = PBXFileReference; lastKnownFileType = sourcecode.swift; path = DictionariesViewModel.swift; sourceTree = "<group>"; };
		BE37869329B7BFDC00472C51 /* ProfileViewModel.swift */ = {isa = PBXFileReference; lastKnownFileType = sourcecode.swift; path = ProfileViewModel.swift; sourceTree = "<group>"; };
		BE37869629BFAEDB00472C51 /* AuthManager.swift */ = {isa = PBXFileReference; lastKnownFileType = sourcecode.swift; path = AuthManager.swift; sourceTree = "<group>"; };
		BE37869829C9055300472C51 /* LocalStorageManager.swift */ = {isa = PBXFileReference; lastKnownFileType = sourcecode.swift; path = LocalStorageManager.swift; sourceTree = "<group>"; };
		BE37869A29C906A600472C51 /* FolderModel.swift */ = {isa = PBXFileReference; lastKnownFileType = sourcecode.swift; path = FolderModel.swift; sourceTree = "<group>"; };
		BE59FE50299BEE42006B1B36 /* LoginView.swift */ = {isa = PBXFileReference; lastKnownFileType = sourcecode.swift; path = LoginView.swift; sourceTree = "<group>"; };
		BE59FE5429A0D0F2006B1B36 /* SignUpViewController.swift */ = {isa = PBXFileReference; lastKnownFileType = sourcecode.swift; path = SignUpViewController.swift; sourceTree = "<group>"; };
		BE59FE5629A0D143006B1B36 /* SignUpView.swift */ = {isa = PBXFileReference; lastKnownFileType = sourcecode.swift; path = SignUpView.swift; sourceTree = "<group>"; };
		BE59FE5829A0E04D006B1B36 /* GoogleService-Info.plist */ = {isa = PBXFileReference; fileEncoding = 4; lastKnownFileType = text.plist.xml; path = "GoogleService-Info.plist"; sourceTree = "<group>"; };
		BEB6DDBC298C1B4600B8A1B5 /* Extension.swift */ = {isa = PBXFileReference; lastKnownFileType = sourcecode.swift; path = Extension.swift; sourceTree = "<group>"; };
		BEB6DDBE298D766700B8A1B5 /* LoginViewController.swift */ = {isa = PBXFileReference; lastKnownFileType = sourcecode.swift; path = LoginViewController.swift; sourceTree = "<group>"; };
		BEB6DDC3298D790100B8A1B5 /* WelcomeViewModel.swift */ = {isa = PBXFileReference; lastKnownFileType = sourcecode.swift; path = WelcomeViewModel.swift; sourceTree = "<group>"; };
		BEEDA50329CCCA7700750548 /* CloudStorageManager.swift */ = {isa = PBXFileReference; lastKnownFileType = sourcecode.swift; path = CloudStorageManager.swift; sourceTree = "<group>"; };
		BEEDA50529CF20EE00750548 /* AddNewDictionaryViewController.swift */ = {isa = PBXFileReference; lastKnownFileType = sourcecode.swift; path = AddNewDictionaryViewController.swift; sourceTree = "<group>"; };
		BEEDA50729CF221500750548 /* AddNewDictionaryView.swift */ = {isa = PBXFileReference; lastKnownFileType = sourcecode.swift; path = AddNewDictionaryView.swift; sourceTree = "<group>"; };
		BEEDA51129CF487900750548 /* AddNewDictionaryViewTableViewCell.swift */ = {isa = PBXFileReference; lastKnownFileType = sourcecode.swift; path = AddNewDictionaryViewTableViewCell.swift; sourceTree = "<group>"; };
		BEEDA51929D6149500750548 /* WordPairs.swift */ = {isa = PBXFileReference; lastKnownFileType = sourcecode.swift; path = WordPairs.swift; sourceTree = "<group>"; };
		BEEDA51B29D9F5E600750548 /* DictionaryTableViewCellViewModel.swift */ = {isa = PBXFileReference; lastKnownFileType = sourcecode.swift; path = DictionaryTableViewCellViewModel.swift; sourceTree = "<group>"; };
		C14E00B2A87723A9EC39838A /* Pods_WordsLab.framework */ = {isa = PBXFileReference; explicitFileType = wrapper.framework; includeInIndex = 0; path = Pods_WordsLab.framework; sourceTree = BUILT_PRODUCTS_DIR; };
		CDCE8B6424CA3B78487DC4B4 /* Pods-WordsLab.release.xcconfig */ = {isa = PBXFileReference; includeInIndex = 1; lastKnownFileType = text.xcconfig; name = "Pods-WordsLab.release.xcconfig"; path = "Target Support Files/Pods-WordsLab/Pods-WordsLab.release.xcconfig"; sourceTree = "<group>"; };
		DB5331EF79E12F40E2865504 /* Pods-WordsLab.debug.xcconfig */ = {isa = PBXFileReference; includeInIndex = 1; lastKnownFileType = text.xcconfig; name = "Pods-WordsLab.debug.xcconfig"; path = "Target Support Files/Pods-WordsLab/Pods-WordsLab.debug.xcconfig"; sourceTree = "<group>"; };
/* End PBXFileReference section */

/* Begin PBXFrameworksBuildPhase section */
		BE240E542988268C0001F4B7 /* Frameworks */ = {
			isa = PBXFrameworksBuildPhase;
			buildActionMask = 2147483647;
			files = (
				C0D0424E1B1FE44D05D57191 /* Pods_WordsLab.framework in Frameworks */,
			);
			runOnlyForDeploymentPostprocessing = 0;
		};
/* End PBXFrameworksBuildPhase section */

/* Begin PBXGroup section */
		21093D912236B87781B5854E /* Pods */ = {
			isa = PBXGroup;
			children = (
				DB5331EF79E12F40E2865504 /* Pods-WordsLab.debug.xcconfig */,
				CDCE8B6424CA3B78487DC4B4 /* Pods-WordsLab.release.xcconfig */,
			);
			path = Pods;
			sourceTree = "<group>";
		};
		4333E76B05635DBC3EAA1D51 /* Frameworks */ = {
			isa = PBXGroup;
			children = (
				C14E00B2A87723A9EC39838A /* Pods_WordsLab.framework */,
			);
			name = Frameworks;
			sourceTree = "<group>";
		};
		BE240E4E2988268C0001F4B7 = {
			isa = PBXGroup;
			children = (
				BE240E592988268C0001F4B7 /* WordsLab */,
				BE240E582988268C0001F4B7 /* Products */,
				21093D912236B87781B5854E /* Pods */,
				4333E76B05635DBC3EAA1D51 /* Frameworks */,
			);
			sourceTree = "<group>";
		};
		BE240E582988268C0001F4B7 /* Products */ = {
			isa = PBXGroup;
			children = (
				BE240E572988268C0001F4B7 /* WordsLab.app */,
			);
			name = Products;
			sourceTree = "<group>";
		};
		BE240E592988268C0001F4B7 /* WordsLab */ = {
			isa = PBXGroup;
			children = (
				BE37868029B7986800472C51 /* Coordinators */,
				BE37864729A2C05800472C51 /* Managers */,
				BE59FE52299BEE49006B1B36 /* Views */,
				BE240E6F29882A570001F4B7 /* ViewControllers */,
				BEB6DDC2298D783700B8A1B5 /* ViewModels */,
				BE37866829A7EF8E00472C51 /* Protocols */,
				BE240E6E298829FB0001F4B7 /* Resources */,
				BE240E682988268D0001F4B7 /* Info.plist */,
				BE59FE5829A0E04D006B1B36 /* GoogleService-Info.plist */,
			);
			path = WordsLab;
			sourceTree = "<group>";
		};
		BE240E6E298829FB0001F4B7 /* Resources */ = {
			isa = PBXGroup;
			children = (
				BE240E5A2988268C0001F4B7 /* AppDelegate.swift */,
				BE240E70298830540001F4B7 /* BaseColors.swift */,
				BEB6DDBC298C1B4600B8A1B5 /* Extension.swift */,
				BE240E632988268D0001F4B7 /* Assets.xcassets */,
				BE240E652988268D0001F4B7 /* LaunchScreen.storyboard */,
			);
			path = Resources;
			sourceTree = "<group>";
		};
		BE240E6F29882A570001F4B7 /* ViewControllers */ = {
			isa = PBXGroup;
			children = (
				BE240E5E2988268C0001F4B7 /* WelcomeViewController.swift */,
				BEB6DDBE298D766700B8A1B5 /* LoginViewController.swift */,
				BE59FE5429A0D0F2006B1B36 /* SignUpViewController.swift */,
				BE37864C29A683AB00472C51 /* HomeViewController.swift */,
				BE37865229A6881500472C51 /* FoldersViewController.swift */,
				BE37865629A6888600472C51 /* DictionariesViewController.swift */,
				BEEDA50529CF20EE00750548 /* AddNewDictionaryViewController.swift */,
				BE37865829A688AC00472C51 /* ProfileViewController.swift */,
			);
			path = ViewControllers;
			sourceTree = "<group>";
		};
		BE37864729A2C05800472C51 /* Managers */ = {
			isa = PBXGroup;
			children = (
				BE37869629BFAEDB00472C51 /* AuthManager.swift */,
				BE37869829C9055300472C51 /* LocalStorageManager.swift */,
				BEEDA50329CCCA7700750548 /* CloudStorageManager.swift */,
			);
			path = Managers;
			sourceTree = "<group>";
		};
		BE37866029A6B55D00472C51 /* Cells */ = {
			isa = PBXGroup;
			children = (
				BE37865E29A6B55700472C51 /* RecentDictionaryCollectionViewCell.swift */,
				BE37866F29ACA5A400472C51 /* FoldersViewTableViewCell.swift */,
				BE37867129ACB9F300472C51 /* AddTableViewCell.swift */,
				BE37867529AD367300472C51 /* DictionaryViewTableViewCell.swift */,
				BEEDA51129CF487900750548 /* AddNewDictionaryViewTableViewCell.swift */,
			);
			path = Cells;
			sourceTree = "<group>";
		};
		BE37866529A7E84600472C51 /* Models */ = {
			isa = PBXGroup;
			children = (
				BE37866329A7E5DC00472C51 /* Dictionary.swift */,
				BEEDA51929D6149500750548 /* WordPairs.swift */,
				BE37869A29C906A600472C51 /* FolderModel.swift */,
			);
			path = Models;
			sourceTree = "<group>";
		};
		BE37866829A7EF8E00472C51 /* Protocols */ = {
			isa = PBXGroup;
			children = (
				BE37866629A7E85300472C51 /* HomeViewModelType.swift */,
				BE37866929A7EF9700472C51 /* HomeViewCellViewModelType.swift */,
			);
			path = Protocols;
			sourceTree = "<group>";
		};
		BE37868029B7986800472C51 /* Coordinators */ = {
			isa = PBXGroup;
			children = (
				BE37869529B9E85F00472C51 /* Protocols */,
				BE37868129B798A700472C51 /* AppCoordinator.swift */,
				BE37868329B7A28800472C51 /* AuthCoordinator.swift */,
				BE37868529B7AF6400472C51 /* HomeTabBarCoordinator.swift */,
				BE37868729B7B36000472C51 /* HomeCoordinator.swift */,
				BE37868929B7B62B00472C51 /* FoldersCoordinator.swift */,
				BE37868B29B7B65100472C51 /* DictionariesCoordinator.swift */,
				BE37868D29B7B66600472C51 /* ProfileCoordinator.swift */,
			);
			path = Coordinators;
			sourceTree = "<group>";
		};
		BE37869529B9E85F00472C51 /* Protocols */ = {
			isa = PBXGroup;
			children = (
				BE37867E29B7970B00472C51 /* Coordinator.swift */,
			);
			path = Protocols;
			sourceTree = "<group>";
		};
		BE59FE52299BEE49006B1B36 /* Views */ = {
			isa = PBXGroup;
			children = (
				BE59FE50299BEE42006B1B36 /* LoginView.swift */,
				BE59FE5629A0D143006B1B36 /* SignUpView.swift */,
				BE37865029A6841400472C51 /* HomeView.swift */,
				BE37866D29ACA34600472C51 /* FoldersView.swift */,
				BE37867329AD247600472C51 /* DictionariesView.swift */,
				BEEDA50729CF221500750548 /* AddNewDictionaryView.swift */,
				BE37867A29B12E0B00472C51 /* ProfileView.swift */,
				BE37866029A6B55D00472C51 /* Cells */,
			);
			path = Views;
			sourceTree = "<group>";
		};
		BEB6DDC2298D783700B8A1B5 /* ViewModels */ = {
			isa = PBXGroup;
			children = (
				BEB6DDC3298D790100B8A1B5 /* WelcomeViewModel.swift */,
				BE37864329A2B2D300472C51 /* LoginViewModel.swift */,
				BE37864A29A2C4D300472C51 /* SignUpViewModel.swift */,
				BE37866129A7E40900472C51 /* HomeViewModel.swift */,
				BE37866B29A7F31700472C51 /* HomeCellViewModel.swift */,
				BE37868F29B7BE4100472C51 /* FoldersViewModel.swift */,
				BE37869129B7BF2C00472C51 /* DictionariesViewModel.swift */,
				BEEDA51B29D9F5E600750548 /* DictionaryTableViewCellViewModel.swift */,
				BE37869329B7BFDC00472C51 /* ProfileViewModel.swift */,
				BE37866529A7E84600472C51 /* Models */,
			);
			path = ViewModels;
			sourceTree = "<group>";
		};
/* End PBXGroup section */

/* Begin PBXNativeTarget section */
		BE240E562988268C0001F4B7 /* WordsLab */ = {
			isa = PBXNativeTarget;
			buildConfigurationList = BE240E6B2988268D0001F4B7 /* Build configuration list for PBXNativeTarget "WordsLab" */;
			buildPhases = (
				83CB3E137A7285A48A155B0D /* [CP] Check Pods Manifest.lock */,
				BE240E532988268C0001F4B7 /* Sources */,
				BE240E542988268C0001F4B7 /* Frameworks */,
				BE240E552988268C0001F4B7 /* Resources */,
				F2125192E2219660F6C729EA /* [CP] Embed Pods Frameworks */,
			);
			buildRules = (
			);
			dependencies = (
			);
			name = WordsLab;
			productName = WordsLab;
			productReference = BE240E572988268C0001F4B7 /* WordsLab.app */;
			productType = "com.apple.product-type.application";
		};
/* End PBXNativeTarget section */

/* Begin PBXProject section */
		BE240E4F2988268C0001F4B7 /* Project object */ = {
			isa = PBXProject;
			attributes = {
				BuildIndependentTargetsInParallel = 1;
				LastSwiftUpdateCheck = 1340;
				LastUpgradeCheck = 1340;
				TargetAttributes = {
					BE240E562988268C0001F4B7 = {
						CreatedOnToolsVersion = 13.4;
					};
				};
			};
			buildConfigurationList = BE240E522988268C0001F4B7 /* Build configuration list for PBXProject "WordsLab" */;
			compatibilityVersion = "Xcode 13.0";
			developmentRegion = en;
			hasScannedForEncodings = 0;
			knownRegions = (
				en,
				Base,
			);
			mainGroup = BE240E4E2988268C0001F4B7;
			productRefGroup = BE240E582988268C0001F4B7 /* Products */;
			projectDirPath = "";
			projectRoot = "";
			targets = (
				BE240E562988268C0001F4B7 /* WordsLab */,
			);
		};
/* End PBXProject section */

/* Begin PBXResourcesBuildPhase section */
		BE240E552988268C0001F4B7 /* Resources */ = {
			isa = PBXResourcesBuildPhase;
			buildActionMask = 2147483647;
			files = (
				BE240E672988268D0001F4B7 /* LaunchScreen.storyboard in Resources */,
				BE59FE5929A0E04D006B1B36 /* GoogleService-Info.plist in Resources */,
				BE240E642988268D0001F4B7 /* Assets.xcassets in Resources */,
			);
			runOnlyForDeploymentPostprocessing = 0;
		};
/* End PBXResourcesBuildPhase section */

/* Begin PBXShellScriptBuildPhase section */
		83CB3E137A7285A48A155B0D /* [CP] Check Pods Manifest.lock */ = {
			isa = PBXShellScriptBuildPhase;
			buildActionMask = 2147483647;
			files = (
			);
			inputFileListPaths = (
			);
			inputPaths = (
				"${PODS_PODFILE_DIR_PATH}/Podfile.lock",
				"${PODS_ROOT}/Manifest.lock",
			);
			name = "[CP] Check Pods Manifest.lock";
			outputFileListPaths = (
			);
			outputPaths = (
				"$(DERIVED_FILE_DIR)/Pods-WordsLab-checkManifestLockResult.txt",
			);
			runOnlyForDeploymentPostprocessing = 0;
			shellPath = /bin/sh;
			shellScript = "diff \"${PODS_PODFILE_DIR_PATH}/Podfile.lock\" \"${PODS_ROOT}/Manifest.lock\" > /dev/null\nif [ $? != 0 ] ; then\n    # print error to STDERR\n    echo \"error: The sandbox is not in sync with the Podfile.lock. Run 'pod install' or update your CocoaPods installation.\" >&2\n    exit 1\nfi\n# This output is used by Xcode 'outputs' to avoid re-running this script phase.\necho \"SUCCESS\" > \"${SCRIPT_OUTPUT_FILE_0}\"\n";
			showEnvVarsInLog = 0;
		};
		F2125192E2219660F6C729EA /* [CP] Embed Pods Frameworks */ = {
			isa = PBXShellScriptBuildPhase;
			buildActionMask = 2147483647;
			files = (
			);
			inputFileListPaths = (
				"${PODS_ROOT}/Target Support Files/Pods-WordsLab/Pods-WordsLab-frameworks-${CONFIGURATION}-input-files.xcfilelist",
			);
			name = "[CP] Embed Pods Frameworks";
			outputFileListPaths = (
				"${PODS_ROOT}/Target Support Files/Pods-WordsLab/Pods-WordsLab-frameworks-${CONFIGURATION}-output-files.xcfilelist",
			);
			runOnlyForDeploymentPostprocessing = 0;
			shellPath = /bin/sh;
			shellScript = "\"${PODS_ROOT}/Target Support Files/Pods-WordsLab/Pods-WordsLab-frameworks.sh\"\n";
			showEnvVarsInLog = 0;
		};
/* End PBXShellScriptBuildPhase section */

/* Begin PBXSourcesBuildPhase section */
		BE240E532988268C0001F4B7 /* Sources */ = {
			isa = PBXSourcesBuildPhase;
			buildActionMask = 2147483647;
			files = (
				BE37865329A6881500472C51 /* FoldersViewController.swift in Sources */,
				BE37869729BFAEDB00472C51 /* AuthManager.swift in Sources */,
				BE37866229A7E40900472C51 /* HomeViewModel.swift in Sources */,
				BE37868229B798A700472C51 /* AppCoordinator.swift in Sources */,
				BEB6DDBF298D766700B8A1B5 /* LoginViewController.swift in Sources */,
				BEB6DDBD298C1B4600B8A1B5 /* Extension.swift in Sources */,
				BE37864429A2B2D300472C51 /* LoginViewModel.swift in Sources */,
				BE240E71298830540001F4B7 /* BaseColors.swift in Sources */,
				BE37869929C9055300472C51 /* LocalStorageManager.swift in Sources */,
				BEEDA51229CF487900750548 /* AddNewDictionaryViewTableViewCell.swift in Sources */,
				BE37868E29B7B66600472C51 /* ProfileCoordinator.swift in Sources */,
				BEB6DDC4298D790100B8A1B5 /* WelcomeViewModel.swift in Sources */,
				BE37864D29A683AB00472C51 /* HomeViewController.swift in Sources */,
				BE37866729A7E85300472C51 /* HomeViewModelType.swift in Sources */,
				BE37867029ACA5A400472C51 /* FoldersViewTableViewCell.swift in Sources */,
				BE37867229ACB9F300472C51 /* AddTableViewCell.swift in Sources */,
				BE37865729A6888600472C51 /* DictionariesViewController.swift in Sources */,
				BE37865929A688AC00472C51 /* ProfileViewController.swift in Sources */,
				BE37866429A7E5DC00472C51 /* Dictionary.swift in Sources */,
				BE37869229B7BF2D00472C51 /* DictionariesViewModel.swift in Sources */,
				BE37869B29C906A600472C51 /* FolderModel.swift in Sources */,
				BEEDA51A29D6149500750548 /* WordPairs.swift in Sources */,
				BE37866E29ACA34600472C51 /* FoldersView.swift in Sources */,
				BE37867F29B7970B00472C51 /* Coordinator.swift in Sources */,
				BE37868829B7B36000472C51 /* HomeCoordinator.swift in Sources */,
				BE37864B29A2C4D300472C51 /* SignUpViewModel.swift in Sources */,
				BE240E5F2988268C0001F4B7 /* WelcomeViewController.swift in Sources */,
				BE37866A29A7EF9700472C51 /* HomeViewCellViewModelType.swift in Sources */,
				BE37867629AD367300472C51 /* DictionaryViewTableViewCell.swift in Sources */,
				BEEDA50629CF20EE00750548 /* AddNewDictionaryViewController.swift in Sources */,
				BE240E5B2988268C0001F4B7 /* AppDelegate.swift in Sources */,
				BE59FE5729A0D143006B1B36 /* SignUpView.swift in Sources */,
				BE37869429B7BFDC00472C51 /* ProfileViewModel.swift in Sources */,
				BEEDA50829CF221500750548 /* AddNewDictionaryView.swift in Sources */,
				BE37868429B7A28800472C51 /* AuthCoordinator.swift in Sources */,
				BE59FE5529A0D0F2006B1B36 /* SignUpViewController.swift in Sources */,
				BE37868629B7AF6400472C51 /* HomeTabBarCoordinator.swift in Sources */,
				BE37867B29B12E0C00472C51 /* ProfileView.swift in Sources */,
				BEEDA51C29D9F5E600750548 /* DictionaryTableViewCellViewModel.swift in Sources */,
				BE59FE51299BEE42006B1B36 /* LoginView.swift in Sources */,
				BE37869029B7BE4100472C51 /* FoldersViewModel.swift in Sources */,
				BE37865129A6841400472C51 /* HomeView.swift in Sources */,
				BE37866C29A7F31700472C51 /* HomeCellViewModel.swift in Sources */,
				BE37868A29B7B62B00472C51 /* FoldersCoordinator.swift in Sources */,
				BE37865F29A6B55700472C51 /* RecentDictionaryCollectionViewCell.swift in Sources */,
				BE37867429AD247600472C51 /* DictionariesView.swift in Sources */,
				BE37868C29B7B65100472C51 /* DictionariesCoordinator.swift in Sources */,
				BEEDA50429CCCA7700750548 /* CloudStorageManager.swift in Sources */,
			);
			runOnlyForDeploymentPostprocessing = 0;
		};
/* End PBXSourcesBuildPhase section */

/* Begin PBXVariantGroup section */
		BE240E652988268D0001F4B7 /* LaunchScreen.storyboard */ = {
			isa = PBXVariantGroup;
			children = (
				BE240E662988268D0001F4B7 /* Base */,
			);
			name = LaunchScreen.storyboard;
			sourceTree = "<group>";
		};
/* End PBXVariantGroup section */

/* Begin XCBuildConfiguration section */
		BE240E692988268D0001F4B7 /* Debug */ = {
			isa = XCBuildConfiguration;
			buildSettings = {
				ALWAYS_SEARCH_USER_PATHS = NO;
				CLANG_ANALYZER_NONNULL = YES;
				CLANG_ANALYZER_NUMBER_OBJECT_CONVERSION = YES_AGGRESSIVE;
				CLANG_CXX_LANGUAGE_STANDARD = "gnu++17";
				CLANG_ENABLE_MODULES = YES;
				CLANG_ENABLE_OBJC_ARC = YES;
				CLANG_ENABLE_OBJC_WEAK = YES;
				CLANG_WARN_BLOCK_CAPTURE_AUTORELEASING = YES;
				CLANG_WARN_BOOL_CONVERSION = YES;
				CLANG_WARN_COMMA = YES;
				CLANG_WARN_CONSTANT_CONVERSION = YES;
				CLANG_WARN_DEPRECATED_OBJC_IMPLEMENTATIONS = YES;
				CLANG_WARN_DIRECT_OBJC_ISA_USAGE = YES_ERROR;
				CLANG_WARN_DOCUMENTATION_COMMENTS = YES;
				CLANG_WARN_EMPTY_BODY = YES;
				CLANG_WARN_ENUM_CONVERSION = YES;
				CLANG_WARN_INFINITE_RECURSION = YES;
				CLANG_WARN_INT_CONVERSION = YES;
				CLANG_WARN_NON_LITERAL_NULL_CONVERSION = YES;
				CLANG_WARN_OBJC_IMPLICIT_RETAIN_SELF = YES;
				CLANG_WARN_OBJC_LITERAL_CONVERSION = YES;
				CLANG_WARN_OBJC_ROOT_CLASS = YES_ERROR;
				CLANG_WARN_QUOTED_INCLUDE_IN_FRAMEWORK_HEADER = YES;
				CLANG_WARN_RANGE_LOOP_ANALYSIS = YES;
				CLANG_WARN_STRICT_PROTOTYPES = YES;
				CLANG_WARN_SUSPICIOUS_MOVE = YES;
				CLANG_WARN_UNGUARDED_AVAILABILITY = YES_AGGRESSIVE;
				CLANG_WARN_UNREACHABLE_CODE = YES;
				CLANG_WARN__DUPLICATE_METHOD_MATCH = YES;
				COPY_PHASE_STRIP = NO;
				DEBUG_INFORMATION_FORMAT = dwarf;
				ENABLE_STRICT_OBJC_MSGSEND = YES;
				ENABLE_TESTABILITY = YES;
				GCC_C_LANGUAGE_STANDARD = gnu11;
				GCC_DYNAMIC_NO_PIC = NO;
				GCC_NO_COMMON_BLOCKS = YES;
				GCC_OPTIMIZATION_LEVEL = 0;
				GCC_PREPROCESSOR_DEFINITIONS = (
					"DEBUG=1",
					"$(inherited)",
				);
				GCC_WARN_64_TO_32_BIT_CONVERSION = YES;
				GCC_WARN_ABOUT_RETURN_TYPE = YES_ERROR;
				GCC_WARN_UNDECLARED_SELECTOR = YES;
				GCC_WARN_UNINITIALIZED_AUTOS = YES_AGGRESSIVE;
				GCC_WARN_UNUSED_FUNCTION = YES;
				GCC_WARN_UNUSED_VARIABLE = YES;
				IPHONEOS_DEPLOYMENT_TARGET = 15.0;
				MTL_ENABLE_DEBUG_INFO = INCLUDE_SOURCE;
				MTL_FAST_MATH = YES;
				ONLY_ACTIVE_ARCH = YES;
				SDKROOT = iphoneos;
				SWIFT_ACTIVE_COMPILATION_CONDITIONS = DEBUG;
				SWIFT_OPTIMIZATION_LEVEL = "-Onone";
			};
			name = Debug;
		};
		BE240E6A2988268D0001F4B7 /* Release */ = {
			isa = XCBuildConfiguration;
			buildSettings = {
				ALWAYS_SEARCH_USER_PATHS = NO;
				CLANG_ANALYZER_NONNULL = YES;
				CLANG_ANALYZER_NUMBER_OBJECT_CONVERSION = YES_AGGRESSIVE;
				CLANG_CXX_LANGUAGE_STANDARD = "gnu++17";
				CLANG_ENABLE_MODULES = YES;
				CLANG_ENABLE_OBJC_ARC = YES;
				CLANG_ENABLE_OBJC_WEAK = YES;
				CLANG_WARN_BLOCK_CAPTURE_AUTORELEASING = YES;
				CLANG_WARN_BOOL_CONVERSION = YES;
				CLANG_WARN_COMMA = YES;
				CLANG_WARN_CONSTANT_CONVERSION = YES;
				CLANG_WARN_DEPRECATED_OBJC_IMPLEMENTATIONS = YES;
				CLANG_WARN_DIRECT_OBJC_ISA_USAGE = YES_ERROR;
				CLANG_WARN_DOCUMENTATION_COMMENTS = YES;
				CLANG_WARN_EMPTY_BODY = YES;
				CLANG_WARN_ENUM_CONVERSION = YES;
				CLANG_WARN_INFINITE_RECURSION = YES;
				CLANG_WARN_INT_CONVERSION = YES;
				CLANG_WARN_NON_LITERAL_NULL_CONVERSION = YES;
				CLANG_WARN_OBJC_IMPLICIT_RETAIN_SELF = YES;
				CLANG_WARN_OBJC_LITERAL_CONVERSION = YES;
				CLANG_WARN_OBJC_ROOT_CLASS = YES_ERROR;
				CLANG_WARN_QUOTED_INCLUDE_IN_FRAMEWORK_HEADER = YES;
				CLANG_WARN_RANGE_LOOP_ANALYSIS = YES;
				CLANG_WARN_STRICT_PROTOTYPES = YES;
				CLANG_WARN_SUSPICIOUS_MOVE = YES;
				CLANG_WARN_UNGUARDED_AVAILABILITY = YES_AGGRESSIVE;
				CLANG_WARN_UNREACHABLE_CODE = YES;
				CLANG_WARN__DUPLICATE_METHOD_MATCH = YES;
				COPY_PHASE_STRIP = NO;
				DEBUG_INFORMATION_FORMAT = "dwarf-with-dsym";
				ENABLE_NS_ASSERTIONS = NO;
				ENABLE_STRICT_OBJC_MSGSEND = YES;
				GCC_C_LANGUAGE_STANDARD = gnu11;
				GCC_NO_COMMON_BLOCKS = YES;
				GCC_WARN_64_TO_32_BIT_CONVERSION = YES;
				GCC_WARN_ABOUT_RETURN_TYPE = YES_ERROR;
				GCC_WARN_UNDECLARED_SELECTOR = YES;
				GCC_WARN_UNINITIALIZED_AUTOS = YES_AGGRESSIVE;
				GCC_WARN_UNUSED_FUNCTION = YES;
				GCC_WARN_UNUSED_VARIABLE = YES;
				IPHONEOS_DEPLOYMENT_TARGET = 15.0;
				MTL_ENABLE_DEBUG_INFO = NO;
				MTL_FAST_MATH = YES;
				SDKROOT = iphoneos;
				SWIFT_COMPILATION_MODE = wholemodule;
				SWIFT_OPTIMIZATION_LEVEL = "-O";
				VALIDATE_PRODUCT = YES;
			};
			name = Release;
		};
		BE240E6C2988268D0001F4B7 /* Debug */ = {
			isa = XCBuildConfiguration;
			baseConfigurationReference = DB5331EF79E12F40E2865504 /* Pods-WordsLab.debug.xcconfig */;
			buildSettings = {
				ASSETCATALOG_COMPILER_APPICON_NAME = AppIcon;
				ASSETCATALOG_COMPILER_GLOBAL_ACCENT_COLOR_NAME = AccentColor;
				CODE_SIGN_STYLE = Automatic;
				CURRENT_PROJECT_VERSION = 1;
				DEVELOPMENT_TEAM = Y9BLB7XZM5;
				GENERATE_INFOPLIST_FILE = YES;
				INFOPLIST_FILE = WordsLab/Info.plist;
				INFOPLIST_KEY_UIApplicationSupportsIndirectInputEvents = YES;
				INFOPLIST_KEY_UILaunchStoryboardName = LaunchScreen;
				INFOPLIST_KEY_UISupportedInterfaceOrientations_iPad = "UIInterfaceOrientationPortrait UIInterfaceOrientationPortraitUpsideDown UIInterfaceOrientationLandscapeLeft UIInterfaceOrientationLandscapeRight";
				INFOPLIST_KEY_UISupportedInterfaceOrientations_iPhone = "UIInterfaceOrientationPortrait UIInterfaceOrientationLandscapeLeft UIInterfaceOrientationLandscapeRight";
				IPHONEOS_DEPLOYMENT_TARGET = 15.0;
				LD_RUNPATH_SEARCH_PATHS = (
					"$(inherited)",
					"@executable_path/Frameworks",
				);
				MARKETING_VERSION = 1.0;
				PRODUCT_BUNDLE_IDENTIFIER = "Sergey-Belousov.WordsLab";
				PRODUCT_NAME = "$(TARGET_NAME)";
				SWIFT_EMIT_LOC_STRINGS = YES;
				SWIFT_VERSION = 5.0;
				TARGETED_DEVICE_FAMILY = 1;
			};
			name = Debug;
		};
		BE240E6D2988268D0001F4B7 /* Release */ = {
			isa = XCBuildConfiguration;
			baseConfigurationReference = CDCE8B6424CA3B78487DC4B4 /* Pods-WordsLab.release.xcconfig */;
			buildSettings = {
				ASSETCATALOG_COMPILER_APPICON_NAME = AppIcon;
				ASSETCATALOG_COMPILER_GLOBAL_ACCENT_COLOR_NAME = AccentColor;
				CODE_SIGN_STYLE = Automatic;
				CURRENT_PROJECT_VERSION = 1;
				DEVELOPMENT_TEAM = Y9BLB7XZM5;
				GENERATE_INFOPLIST_FILE = YES;
				INFOPLIST_FILE = WordsLab/Info.plist;
				INFOPLIST_KEY_UIApplicationSupportsIndirectInputEvents = YES;
				INFOPLIST_KEY_UILaunchStoryboardName = LaunchScreen;
				INFOPLIST_KEY_UISupportedInterfaceOrientations_iPad = "UIInterfaceOrientationPortrait UIInterfaceOrientationPortraitUpsideDown UIInterfaceOrientationLandscapeLeft UIInterfaceOrientationLandscapeRight";
				INFOPLIST_KEY_UISupportedInterfaceOrientations_iPhone = "UIInterfaceOrientationPortrait UIInterfaceOrientationLandscapeLeft UIInterfaceOrientationLandscapeRight";
				IPHONEOS_DEPLOYMENT_TARGET = 15.0;
				LD_RUNPATH_SEARCH_PATHS = (
					"$(inherited)",
					"@executable_path/Frameworks",
				);
				MARKETING_VERSION = 1.0;
				PRODUCT_BUNDLE_IDENTIFIER = "Sergey-Belousov.WordsLab";
				PRODUCT_NAME = "$(TARGET_NAME)";
				SWIFT_EMIT_LOC_STRINGS = YES;
				SWIFT_VERSION = 5.0;
				TARGETED_DEVICE_FAMILY = 1;
			};
			name = Release;
		};
/* End XCBuildConfiguration section */

/* Begin XCConfigurationList section */
		BE240E522988268C0001F4B7 /* Build configuration list for PBXProject "WordsLab" */ = {
			isa = XCConfigurationList;
			buildConfigurations = (
				BE240E692988268D0001F4B7 /* Debug */,
				BE240E6A2988268D0001F4B7 /* Release */,
			);
			defaultConfigurationIsVisible = 0;
			defaultConfigurationName = Release;
		};
		BE240E6B2988268D0001F4B7 /* Build configuration list for PBXNativeTarget "WordsLab" */ = {
			isa = XCConfigurationList;
			buildConfigurations = (
				BE240E6C2988268D0001F4B7 /* Debug */,
				BE240E6D2988268D0001F4B7 /* Release */,
			);
			defaultConfigurationIsVisible = 0;
			defaultConfigurationName = Release;
		};
/* End XCConfigurationList section */
	};
	rootObject = BE240E4F2988268C0001F4B7 /* Project object */;
}
